
Microsoft Visual Studio Solution File, Format Version 12.00
# Visual Studio Version 17
VisualStudioVersion = 17.8.34330.188
MinimumVisualStudioVersion = 10.0.40219.1
Project("{FAE04EC0-301F-11D3-BF4B-00C04F79EFBC}") = "Blog Posting with C#", "Blog Posting with C#.csproj", "{8ECC7EF9-1221-47DB-9C8A-8C23394E2FB1}"
EndProject
Global
	GlobalSection(SolutionConfigurationPlatforms) = preSolution
		Debug|Any CPU = Debug|Any CPU
		Release|Any CPU = Release|Any CPU
	EndGlobalSection
	GlobalSection(ProjectConfigurationPlatforms) = postSolution
		{8ECC7EF9-1221-47DB-9C8A-8C23394E2FB1}.Debug|Any CPU.ActiveCfg = Debug|Any CPU
		{8ECC7EF9-1221-47DB-9C8A-8C23394E2FB1}.Debug|Any CPU.Build.0 = Debug|Any CPU
		{8ECC7EF9-1221-47DB-9C8A-8C23394E2FB1}.Release|Any CPU.ActiveCfg = Release|Any CPU
		{8ECC7EF9-1221-47DB-9C8A-8C23394E2FB1}.Release|Any CPU.Build.0 = Release|Any CPU
	EndGlobalSection
	GlobalSection(SolutionProperties) = preSolution
		HideSolutionNode = FALSE
	EndGlobalSection
	GlobalSection(ExtensibilityGlobals) = postSolution
		SolutionGuid = {3A4E60B7-3C77-4D68-BAFB-4A2D3C3A99CF}
	EndGlobalSection
EndGlobal
